
Microsoft Visual Studio Solution File, Format Version 12.00
# Visual Studio Version 17
VisualStudioVersion = 17.0.31912.275
MinimumVisualStudioVersion = 10.0.40219.1
Project("{9A19103F-16F7-4668-BE54-9A1E7A4F7556}") = "KingsFarms.Core.Api", "KingsFarms.Core.Api.csproj", "{C5BEE094-52C6-45FC-8F9C-5CC4A3DD54DC}"
EndProject
Project("{9A19103F-16F7-4668-BE54-9A1E7A4F7556}") = "KingsFarms.Core.Api.nUnitTests", "Tests\nUnitTests\KingsFarms.Core.Api.nUnitTests.csproj", "{FC0CB25E-074D-4184-BB07-B537FF43CEA9}"
EndProject
Project("{9A19103F-16F7-4668-BE54-9A1E7A4F7556}") = "KingsFarms.Core.Api.xUnitTests", "Tests\xUnitTests\KingsFarms.Core.Api.xUnitTests.csproj", "{6A1C0687-0ED0-417B-B7E5-111365BDC03E}"
EndProject
Project("{2150E333-8FDC-42A3-9474-1A3956D46DE8}") = "src", "src", "{7B59B3B9-88D4-437E-B49E-AF3D04CB00F5}"
EndProject
Project("{2150E333-8FDC-42A3-9474-1A3956D46DE8}") = "tests", "tests", "{8383554B-F72B-43D0-AF4B-82B2829169BF}"
EndProject
Global
	GlobalSection(SolutionConfigurationPlatforms) = preSolution
		Debug|Any CPU = Debug|Any CPU
		Release|Any CPU = Release|Any CPU
	EndGlobalSection
	GlobalSection(ProjectConfigurationPlatforms) = postSolution
		{C5BEE094-52C6-45FC-8F9C-5CC4A3DD54DC}.Debug|Any CPU.ActiveCfg = Debug|Any CPU
		{C5BEE094-52C6-45FC-8F9C-5CC4A3DD54DC}.Debug|Any CPU.Build.0 = Debug|Any CPU
		{C5BEE094-52C6-45FC-8F9C-5CC4A3DD54DC}.Release|Any CPU.ActiveCfg = Release|Any CPU
		{C5BEE094-52C6-45FC-8F9C-5CC4A3DD54DC}.Release|Any CPU.Build.0 = Release|Any CPU
		{FC0CB25E-074D-4184-BB07-B537FF43CEA9}.Debug|Any CPU.ActiveCfg = Debug|Any CPU
		{FC0CB25E-074D-4184-BB07-B537FF43CEA9}.Debug|Any CPU.Build.0 = Debug|Any CPU
		{FC0CB25E-074D-4184-BB07-B537FF43CEA9}.Release|Any CPU.ActiveCfg = Release|Any CPU
		{FC0CB25E-074D-4184-BB07-B537FF43CEA9}.Release|Any CPU.Build.0 = Release|Any CPU
		{6A1C0687-0ED0-417B-B7E5-111365BDC03E}.Debug|Any CPU.ActiveCfg = Debug|Any CPU
		{6A1C0687-0ED0-417B-B7E5-111365BDC03E}.Debug|Any CPU.Build.0 = Debug|Any CPU
		{6A1C0687-0ED0-417B-B7E5-111365BDC03E}.Release|Any CPU.ActiveCfg = Release|Any CPU
		{6A1C0687-0ED0-417B-B7E5-111365BDC03E}.Release|Any CPU.Build.0 = Release|Any CPU
	EndGlobalSection
	GlobalSection(SolutionProperties) = preSolution
		HideSolutionNode = FALSE
	EndGlobalSection
	GlobalSection(NestedProjects) = preSolution
		{FC0CB25E-074D-4184-BB07-B537FF43CEA9} = {8383554B-F72B-43D0-AF4B-82B2829169BF}
		{6A1C0687-0ED0-417B-B7E5-111365BDC03E} = {8383554B-F72B-43D0-AF4B-82B2829169BF}
	EndGlobalSection
	GlobalSection(ExtensibilityGlobals) = postSolution
		SolutionGuid = {313C7A70-CB12-42CF-AF7C-567DE469FA86}
	EndGlobalSection
EndGlobal
