
Microsoft Visual Studio Solution File, Format Version 12.00
# Visual Studio Version 17
VisualStudioVersion = 17.0.31912.275
MinimumVisualStudioVersion = 10.0.40219.1
Project("{9A19103F-16F7-4668-BE54-9A1E7A4F7556}") = "KingsFarms.Core.Api", "KingsFarms.Core.Api.csproj", "{C5BEE094-52C6-45FC-8F9C-5CC4A3DD54DC}"
EndProject
Global
	GlobalSection(SolutionConfigurationPlatforms) = preSolution
		Debug|Any CPU = Debug|Any CPU
		Release|Any CPU = Release|Any CPU
	EndGlobalSection
	GlobalSection(ProjectConfigurationPlatforms) = postSolution
		{C5BEE094-52C6-45FC-8F9C-5CC4A3DD54DC}.Debug|Any CPU.ActiveCfg = Debug|Any CPU
		{C5BEE094-52C6-45FC-8F9C-5CC4A3DD54DC}.Debug|Any CPU.Build.0 = Debug|Any CPU
		{C5BEE094-52C6-45FC-8F9C-5CC4A3DD54DC}.Release|Any CPU.ActiveCfg = Release|Any CPU
		{C5BEE094-52C6-45FC-8F9C-5CC4A3DD54DC}.Release|Any CPU.Build.0 = Release|Any CPU
	EndGlobalSection
	GlobalSection(SolutionProperties) = preSolution
		HideSolutionNode = FALSE
	EndGlobalSection
	GlobalSection(ExtensibilityGlobals) = postSolution
		SolutionGuid = {313C7A70-CB12-42CF-AF7C-567DE469FA86}
	EndGlobalSection
EndGlobal
